
Microsoft Visual Studio Solution File, Format Version 12.00
# Visual Studio Version 17
VisualStudioVersion = 17.4.33213.308
MinimumVisualStudioVersion = 10.0.40219.1
Project("{FAE04EC0-301F-11D3-BF4B-00C04F79EFBC}") = "MyCollection", "MyCollection.csproj", "{7C1BE79F-A264-4518-9B17-2011819D931C}"
EndProject
Global
	GlobalSection(SolutionConfigurationPlatforms) = preSolution
		Debug|Any CPU = Debug|Any CPU
		Release|Any CPU = Release|Any CPU
	EndGlobalSection
	GlobalSection(ProjectConfigurationPlatforms) = postSolution
		{7C1BE79F-A264-4518-9B17-2011819D931C}.Debug|Any CPU.ActiveCfg = Debug|Any CPU
		{7C1BE79F-A264-4518-9B17-2011819D931C}.Debug|Any CPU.Build.0 = Debug|Any CPU
		{7C1BE79F-A264-4518-9B17-2011819D931C}.Release|Any CPU.ActiveCfg = Release|Any CPU
		{7C1BE79F-A264-4518-9B17-2011819D931C}.Release|Any CPU.Build.0 = Release|Any CPU
	EndGlobalSection
	GlobalSection(SolutionProperties) = preSolution
		HideSolutionNode = FALSE
	EndGlobalSection
	GlobalSection(ExtensibilityGlobals) = postSolution
		SolutionGuid = {CAF874EC-6280-4F65-A775-03FAC2A731A9}
	EndGlobalSection
EndGlobal
